
Microsoft Visual Studio Solution File, Format Version 12.00
# Visual Studio Version 17
VisualStudioVersion = 17.11.35327.3
MinimumVisualStudioVersion = 10.0.40219.1
Project("{9A19103F-16F7-4668-BE54-9A1E7A4F7556}") = "ProgresivoMesasAPI", "..\JackpotApi\ProgresivoMesasAPI.csproj", "{56C163B2-9D2F-4EDF-BB3A-61DE862FBEB2}"
EndProject
Project("{9A19103F-16F7-4668-BE54-9A1E7A4F7556}") = "ControlMesasModel", "..\Jackpots.Model\ControlMesasModel.csproj", "{1EB9E39B-12AE-4D4C-A86A-629E7B5485C7}"
EndProject
Project("{9A19103F-16F7-4668-BE54-9A1E7A4F7556}") = "Datos", "..\Datos\Datos.csproj", "{15F9504A-9829-4D17-A831-065640D845E8}"
EndProject
Project("{9A19103F-16F7-4668-BE54-9A1E7A4F7556}") = "Jackpotsapp", "..\Jackpotsapp\Jackpotsapp.csproj", "{E58616B9-6F95-4C2C-A5D2-1DC84527C2D3}"
EndProject
Project("{FAE04EC0-301F-11D3-BF4B-00C04F79EFBC}") = "ProgresivoMesas.UI", "ProgresivoMesas.UI\ProgresivoMesas.UI.csproj", "{922583FF-39B2-44D2-B7AD-33CC8C420383}"
EndProject
Global
	GlobalSection(SolutionConfigurationPlatforms) = preSolution
		Debug|Any CPU = Debug|Any CPU
		Release|Any CPU = Release|Any CPU
	EndGlobalSection
	GlobalSection(ProjectConfigurationPlatforms) = postSolution
		{56C163B2-9D2F-4EDF-BB3A-61DE862FBEB2}.Debug|Any CPU.ActiveCfg = Debug|Any CPU
		{56C163B2-9D2F-4EDF-BB3A-61DE862FBEB2}.Debug|Any CPU.Build.0 = Debug|Any CPU
		{56C163B2-9D2F-4EDF-BB3A-61DE862FBEB2}.Release|Any CPU.ActiveCfg = Release|Any CPU
		{56C163B2-9D2F-4EDF-BB3A-61DE862FBEB2}.Release|Any CPU.Build.0 = Release|Any CPU
		{1EB9E39B-12AE-4D4C-A86A-629E7B5485C7}.Debug|Any CPU.ActiveCfg = Debug|Any CPU
		{1EB9E39B-12AE-4D4C-A86A-629E7B5485C7}.Debug|Any CPU.Build.0 = Debug|Any CPU
		{1EB9E39B-12AE-4D4C-A86A-629E7B5485C7}.Release|Any CPU.ActiveCfg = Release|Any CPU
		{1EB9E39B-12AE-4D4C-A86A-629E7B5485C7}.Release|Any CPU.Build.0 = Release|Any CPU
		{15F9504A-9829-4D17-A831-065640D845E8}.Debug|Any CPU.ActiveCfg = Debug|Any CPU
		{15F9504A-9829-4D17-A831-065640D845E8}.Debug|Any CPU.Build.0 = Debug|Any CPU
		{15F9504A-9829-4D17-A831-065640D845E8}.Release|Any CPU.ActiveCfg = Release|Any CPU
		{15F9504A-9829-4D17-A831-065640D845E8}.Release|Any CPU.Build.0 = Release|Any CPU
		{E58616B9-6F95-4C2C-A5D2-1DC84527C2D3}.Debug|Any CPU.ActiveCfg = Debug|Any CPU
		{E58616B9-6F95-4C2C-A5D2-1DC84527C2D3}.Debug|Any CPU.Build.0 = Debug|Any CPU
		{E58616B9-6F95-4C2C-A5D2-1DC84527C2D3}.Release|Any CPU.ActiveCfg = Release|Any CPU
		{E58616B9-6F95-4C2C-A5D2-1DC84527C2D3}.Release|Any CPU.Build.0 = Release|Any CPU
		{922583FF-39B2-44D2-B7AD-33CC8C420383}.Debug|Any CPU.ActiveCfg = Debug|Any CPU
		{922583FF-39B2-44D2-B7AD-33CC8C420383}.Debug|Any CPU.Build.0 = Debug|Any CPU
		{922583FF-39B2-44D2-B7AD-33CC8C420383}.Release|Any CPU.ActiveCfg = Release|Any CPU
		{922583FF-39B2-44D2-B7AD-33CC8C420383}.Release|Any CPU.Build.0 = Release|Any CPU
	EndGlobalSection
	GlobalSection(SolutionProperties) = preSolution
		HideSolutionNode = FALSE
	EndGlobalSection
	GlobalSection(ExtensibilityGlobals) = postSolution
		SolutionGuid = {E5B98C6A-6DE4-4967-BD8F-4F663D5CF3D9}
	EndGlobalSection
EndGlobal
